
Microsoft Visual Studio Solution File, Format Version 12.00
# Visual Studio Version 17
VisualStudioVersion = 17.3.32825.248
MinimumVisualStudioVersion = 10.0.40219.1
Project("{FAE04EC0-301F-11D3-BF4B-00C04F79EFBC}") = "WindowsFormsApp1", "WindowsFormsApp1\WindowsFormsApp1.csproj", "{537A1BE3-4594-40B2-B932-42E593862ED0}"
EndProject
Global
	GlobalSection(SolutionConfigurationPlatforms) = preSolution
		Debug|Any CPU = Debug|Any CPU
		Release|Any CPU = Release|Any CPU
	EndGlobalSection
	GlobalSection(ProjectConfigurationPlatforms) = postSolution
		{537A1BE3-4594-40B2-B932-42E593862ED0}.Debug|Any CPU.ActiveCfg = Debug|Any CPU
		{537A1BE3-4594-40B2-B932-42E593862ED0}.Debug|Any CPU.Build.0 = Debug|Any CPU
		{537A1BE3-4594-40B2-B932-42E593862ED0}.Release|Any CPU.ActiveCfg = Release|Any CPU
		{537A1BE3-4594-40B2-B932-42E593862ED0}.Release|Any CPU.Build.0 = Release|Any CPU
	EndGlobalSection
	GlobalSection(SolutionProperties) = preSolution
		HideSolutionNode = FALSE
	EndGlobalSection
	GlobalSection(ExtensibilityGlobals) = postSolution
		SolutionGuid = {817FDB57-E8E7-4959-B10C-D633C5F7C6B6}
	EndGlobalSection
EndGlobal
